
Microsoft Visual Studio Solution File, Format Version 12.00
# Visual Studio Version 17
VisualStudioVersion = 17.5.002.0
MinimumVisualStudioVersion = 10.0.40219.1
Project("{9A19103F-16F7-4668-BE54-9A1E7A4F7556}") = "NV.CH.AzureFunctions.RefreshActionTokens", "NV.CH.AzureFunctions.RefreshActionTokens.csproj", "{AFFA981D-BF55-486B-9FCC-6CB188B242AA}"
EndProject
Global
	GlobalSection(SolutionConfigurationPlatforms) = preSolution
		Debug|Any CPU = Debug|Any CPU
		Release|Any CPU = Release|Any CPU
	EndGlobalSection
	GlobalSection(ProjectConfigurationPlatforms) = postSolution
		{AFFA981D-BF55-486B-9FCC-6CB188B242AA}.Debug|Any CPU.ActiveCfg = Debug|Any CPU
		{AFFA981D-BF55-486B-9FCC-6CB188B242AA}.Debug|Any CPU.Build.0 = Debug|Any CPU
		{AFFA981D-BF55-486B-9FCC-6CB188B242AA}.Release|Any CPU.ActiveCfg = Release|Any CPU
		{AFFA981D-BF55-486B-9FCC-6CB188B242AA}.Release|Any CPU.Build.0 = Release|Any CPU
	EndGlobalSection
	GlobalSection(SolutionProperties) = preSolution
		HideSolutionNode = FALSE
	EndGlobalSection
	GlobalSection(ExtensibilityGlobals) = postSolution
		SolutionGuid = {629AD0FE-92B0-4811-81AC-CA9785439546}
	EndGlobalSection
EndGlobal
